{
  "name": "wordlegame",
  "version": "1.0.0",
  "lockfileVersion": 3,
  "requires": true,
  "packages": {
    "": {
      "name": "wordlegame",
      "version": "1.0.0",
      "license": "ISC",
      "dependencies": {
        "wordle": "^1.0.4"
      }
    },
    "node_modules/exenv": {
      "version": "1.2.2",
      "resolved": "https://registry.npmjs.org/exenv/-/exenv-1.2.2.tgz",
      "integrity": "sha512-Z+ktTxTwv9ILfgKCk32OX3n/doe+OcLTRtqK9pcL+JsP3J1/VW8Uvl4ZjLlKqeW4rzK4oesDOGMEMRIZqtP4Iw=="
    },
    "node_modules/wordle": {
      "version": "1.0.4",
      "resolved": "https://registry.npmjs.org/wordle/-/wordle-1.0.4.tgz",
      "integrity": "sha512-Z4KMwZxxd0duvUuDYbkPHj9bF+MLLeaCHUpxC1LX03rGcIetnhW37qgeS/geFBdpEum0AU+zQAIgNllgT4G5eg==",
      "dependencies": {
        "exenv": "^1.2.2"
      }
    }
  }
}
